<?xml version="1.0" encoding="UTF-8"?>
<CodeBlocks_project_file>
	<FileVersion major="1" minor="6"/>
	<Project>
		<Option title="Game"/>
		<Option makefile_is_custom="1"/>
		<Option compiler="gcc"/>
		<Option virtualFolders="CMake Files\;CMake Files\CMake\;CMake Files\CMake\Modules\;"/>
		<Build>
			<Target title="all">
				<Option working_dir="/home/free/dev/Runecraft/Game"/>
				<Option type="4"/>
				<MakeCommands>
					<Build command="/usr/bin/make -j4 -f &quot;/home/free/dev/Runecraft/Game/Makefile&quot;  VERBOSE=1 all"/>
					<CompileFile command="/usr/bin/make -j4 -f &quot;/home/free/dev/Runecraft/Game/Makefile&quot;  VERBOSE=1 &quot;$file&quot;"/>
					<Clean command="/usr/bin/make -j4 -f &quot;/home/free/dev/Runecraft/Game/Makefile&quot;  VERBOSE=1 clean"/>
					<DistClean command="/usr/bin/make -j4 -f &quot;/home/free/dev/Runecraft/Game/Makefile&quot;  VERBOSE=1 clean"/>
				</MakeCommands>
			</Target>
			<Target title="install/strip">
				<Option working_dir="/home/free/dev/Runecraft/Game"/>
				<Option type="4"/>
				<MakeCommands>
					<Build command="/usr/bin/make -j4 -f &quot;/home/free/dev/Runecraft/Game/Makefile&quot;  VERBOSE=1 install/strip"/>
					<CompileFile command="/usr/bin/make -j4 -f &quot;/home/free/dev/Runecraft/Game/Makefile&quot;  VERBOSE=1 &quot;$file&quot;"/>
					<Clean command="/usr/bin/make -j4 -f &quot;/home/free/dev/Runecraft/Game/Makefile&quot;  VERBOSE=1 clean"/>
					<DistClean command="/usr/bin/make -j4 -f &quot;/home/free/dev/Runecraft/Game/Makefile&quot;  VERBOSE=1 clean"/>
				</MakeCommands>
			</Target>
			<Target title="install/local">
				<Option working_dir="/home/free/dev/Runecraft/Game"/>
				<Option type="4"/>
				<MakeCommands>
					<Build command="/usr/bin/make -j4 -f &quot;/home/free/dev/Runecraft/Game/Makefile&quot;  VERBOSE=1 install/local"/>
					<CompileFile command="/usr/bin/make -j4 -f &quot;/home/free/dev/Runecraft/Game/Makefile&quot;  VERBOSE=1 &quot;$file&quot;"/>
					<Clean command="/usr/bin/make -j4 -f &quot;/home/free/dev/Runecraft/Game/Makefile&quot;  VERBOSE=1 clean"/>
					<DistClean command="/usr/bin/make -j4 -f &quot;/home/free/dev/Runecraft/Game/Makefile&quot;  VERBOSE=1 clean"/>
				</MakeCommands>
			</Target>
			<Target title="rebuild_cache">
				<Option working_dir="/home/free/dev/Runecraft/Game"/>
				<Option type="4"/>
				<MakeCommands>
					<Build command="/usr/bin/make -j4 -f &quot;/home/free/dev/Runecraft/Game/Makefile&quot;  VERBOSE=1 rebuild_cache"/>
					<CompileFile command="/usr/bin/make -j4 -f &quot;/home/free/dev/Runecraft/Game/Makefile&quot;  VERBOSE=1 &quot;$file&quot;"/>
					<Clean command="/usr/bin/make -j4 -f &quot;/home/free/dev/Runecraft/Game/Makefile&quot;  VERBOSE=1 clean"/>
					<DistClean command="/usr/bin/make -j4 -f &quot;/home/free/dev/Runecraft/Game/Makefile&quot;  VERBOSE=1 clean"/>
				</MakeCommands>
			</Target>
			<Target title="edit_cache">
				<Option working_dir="/home/free/dev/Runecraft/Game"/>
				<Option type="4"/>
				<MakeCommands>
					<Build command="/usr/bin/make -j4 -f &quot;/home/free/dev/Runecraft/Game/Makefile&quot;  VERBOSE=1 edit_cache"/>
					<CompileFile command="/usr/bin/make -j4 -f &quot;/home/free/dev/Runecraft/Game/Makefile&quot;  VERBOSE=1 &quot;$file&quot;"/>
					<Clean command="/usr/bin/make -j4 -f &quot;/home/free/dev/Runecraft/Game/Makefile&quot;  VERBOSE=1 clean"/>
					<DistClean command="/usr/bin/make -j4 -f &quot;/home/free/dev/Runecraft/Game/Makefile&quot;  VERBOSE=1 clean"/>
				</MakeCommands>
			</Target>
			<Target title="install">
				<Option working_dir="/home/free/dev/Runecraft/Game"/>
				<Option type="4"/>
				<MakeCommands>
					<Build command="/usr/bin/make -j4 -f &quot;/home/free/dev/Runecraft/Game/Makefile&quot;  VERBOSE=1 install"/>
					<CompileFile command="/usr/bin/make -j4 -f &quot;/home/free/dev/Runecraft/Game/Makefile&quot;  VERBOSE=1 &quot;$file&quot;"/>
					<Clean command="/usr/bin/make -j4 -f &quot;/home/free/dev/Runecraft/Game/Makefile&quot;  VERBOSE=1 clean"/>
					<DistClean command="/usr/bin/make -j4 -f &quot;/home/free/dev/Runecraft/Game/Makefile&quot;  VERBOSE=1 clean"/>
				</MakeCommands>
			</Target>
			<Target title="list_install_components">
				<Option working_dir="/home/free/dev/Runecraft/Game"/>
				<Option type="4"/>
				<MakeCommands>
					<Build command="/usr/bin/make -j4 -f &quot;/home/free/dev/Runecraft/Game/Makefile&quot;  VERBOSE=1 list_install_components"/>
					<CompileFile command="/usr/bin/make -j4 -f &quot;/home/free/dev/Runecraft/Game/Makefile&quot;  VERBOSE=1 &quot;$file&quot;"/>
					<Clean command="/usr/bin/make -j4 -f &quot;/home/free/dev/Runecraft/Game/Makefile&quot;  VERBOSE=1 clean"/>
					<DistClean command="/usr/bin/make -j4 -f &quot;/home/free/dev/Runecraft/Game/Makefile&quot;  VERBOSE=1 clean"/>
				</MakeCommands>
			</Target>
			<Target title="Tests">
				<Option output="/home/free/dev/Runecraft/Game/bin/Tests" prefix_auto="0" extension_auto="0"/>
				<Option working_dir="/home/free/dev/Runecraft/Game/bin"/>
				<Option object_output="./"/>
				<Option type="1"/>
				<Option compiler="gcc"/>
				<Compiler>
					<Add option="-DURHO3D_STATIC_DEFINE"/>
					<Add option="-DURHO3D_ANGELSCRIPT"/>
					<Add option="-DURHO3D_IK"/>
					<Add option="-DURHO3D_LOGGING"/>
					<Add option="-DURHO3D_LUA"/>
					<Add option="-DURHO3D_NAVIGATION"/>
					<Add option="-DURHO3D_NETWORK"/>
					<Add option="-DURHO3D_PHYSICS"/>
					<Add option="-DURHO3D_PROFILING"/>
					<Add option="-DURHO3D_THREADING"/>
					<Add option="-DURHO3D_URHO2D"/>
					<Add option="-DURHO3D_WEBP"/>
					<Add directory="/usr/local/include"/>
					<Add directory="/usr/local/include/Urho3D/ThirdParty"/>
					<Add directory="/usr/local/include/Urho3D/ThirdParty/Bullet"/>
					<Add directory="/usr/local/include/Urho3D/ThirdParty/Lua"/>
					<Add directory="/usr/include/c++/6"/>
					<Add directory="/usr/include/x86_64-linux-gnu/c++/6"/>
					<Add directory="/usr/include/c++/6/backward"/>
					<Add directory="/usr/lib/gcc/x86_64-linux-gnu/6/include"/>
					<Add directory="/usr/lib/gcc/x86_64-linux-gnu/6/include-fixed"/>
					<Add directory="/usr/include/x86_64-linux-gnu"/>
					<Add directory="/usr/include"/>
				</Compiler>
				<MakeCommands>
					<Build command="/usr/bin/make -j4 -f &quot;/home/free/dev/Runecraft/Game/Makefile&quot;  VERBOSE=1 Tests"/>
					<CompileFile command="/usr/bin/make -j4 -f &quot;/home/free/dev/Runecraft/Game/Makefile&quot;  VERBOSE=1 &quot;$file&quot;"/>
					<Clean command="/usr/bin/make -j4 -f &quot;/home/free/dev/Runecraft/Game/Makefile&quot;  VERBOSE=1 clean"/>
					<DistClean command="/usr/bin/make -j4 -f &quot;/home/free/dev/Runecraft/Game/Makefile&quot;  VERBOSE=1 clean"/>
				</MakeCommands>
			</Target>
			<Target title="Tests/fast">
				<Option output="/home/free/dev/Runecraft/Game/bin/Tests" prefix_auto="0" extension_auto="0"/>
				<Option working_dir="/home/free/dev/Runecraft/Game/bin"/>
				<Option object_output="./"/>
				<Option type="1"/>
				<Option compiler="gcc"/>
				<Compiler>
					<Add option="-DURHO3D_STATIC_DEFINE"/>
					<Add option="-DURHO3D_ANGELSCRIPT"/>
					<Add option="-DURHO3D_IK"/>
					<Add option="-DURHO3D_LOGGING"/>
					<Add option="-DURHO3D_LUA"/>
					<Add option="-DURHO3D_NAVIGATION"/>
					<Add option="-DURHO3D_NETWORK"/>
					<Add option="-DURHO3D_PHYSICS"/>
					<Add option="-DURHO3D_PROFILING"/>
					<Add option="-DURHO3D_THREADING"/>
					<Add option="-DURHO3D_URHO2D"/>
					<Add option="-DURHO3D_WEBP"/>
					<Add directory="/usr/local/include"/>
					<Add directory="/usr/local/include/Urho3D/ThirdParty"/>
					<Add directory="/usr/local/include/Urho3D/ThirdParty/Bullet"/>
					<Add directory="/usr/local/include/Urho3D/ThirdParty/Lua"/>
					<Add directory="/usr/include/c++/6"/>
					<Add directory="/usr/include/x86_64-linux-gnu/c++/6"/>
					<Add directory="/usr/include/c++/6/backward"/>
					<Add directory="/usr/lib/gcc/x86_64-linux-gnu/6/include"/>
					<Add directory="/usr/lib/gcc/x86_64-linux-gnu/6/include-fixed"/>
					<Add directory="/usr/include/x86_64-linux-gnu"/>
					<Add directory="/usr/include"/>
				</Compiler>
				<MakeCommands>
					<Build command="/usr/bin/make -j4 -f &quot;/home/free/dev/Runecraft/Game/Makefile&quot;  VERBOSE=1 Tests/fast"/>
					<CompileFile command="/usr/bin/make -j4 -f &quot;/home/free/dev/Runecraft/Game/Makefile&quot;  VERBOSE=1 &quot;$file&quot;"/>
					<Clean command="/usr/bin/make -j4 -f &quot;/home/free/dev/Runecraft/Game/Makefile&quot;  VERBOSE=1 clean"/>
					<DistClean command="/usr/bin/make -j4 -f &quot;/home/free/dev/Runecraft/Game/Makefile&quot;  VERBOSE=1 clean"/>
				</MakeCommands>
			</Target>
			<Target title="Training">
				<Option output="/home/free/dev/Runecraft/Game/bin/Training" prefix_auto="0" extension_auto="0"/>
				<Option working_dir="/home/free/dev/Runecraft/Game/bin"/>
				<Option object_output="./"/>
				<Option type="1"/>
				<Option compiler="gcc"/>
				<Compiler>
					<Add option="-DURHO3D_STATIC_DEFINE"/>
					<Add option="-DURHO3D_ANGELSCRIPT"/>
					<Add option="-DURHO3D_IK"/>
					<Add option="-DURHO3D_LOGGING"/>
					<Add option="-DURHO3D_LUA"/>
					<Add option="-DURHO3D_NAVIGATION"/>
					<Add option="-DURHO3D_NETWORK"/>
					<Add option="-DURHO3D_PHYSICS"/>
					<Add option="-DURHO3D_PROFILING"/>
					<Add option="-DURHO3D_THREADING"/>
					<Add option="-DURHO3D_URHO2D"/>
					<Add option="-DURHO3D_WEBP"/>
					<Add directory="/usr/local/include"/>
					<Add directory="/usr/local/include/Urho3D/ThirdParty"/>
					<Add directory="/usr/local/include/Urho3D/ThirdParty/Bullet"/>
					<Add directory="/usr/local/include/Urho3D/ThirdParty/Lua"/>
					<Add directory="/usr/include/c++/6"/>
					<Add directory="/usr/include/x86_64-linux-gnu/c++/6"/>
					<Add directory="/usr/include/c++/6/backward"/>
					<Add directory="/usr/lib/gcc/x86_64-linux-gnu/6/include"/>
					<Add directory="/usr/lib/gcc/x86_64-linux-gnu/6/include-fixed"/>
					<Add directory="/usr/include/x86_64-linux-gnu"/>
					<Add directory="/usr/include"/>
				</Compiler>
				<MakeCommands>
					<Build command="/usr/bin/make -j4 -f &quot;/home/free/dev/Runecraft/Game/Makefile&quot;  VERBOSE=1 Training"/>
					<CompileFile command="/usr/bin/make -j4 -f &quot;/home/free/dev/Runecraft/Game/Makefile&quot;  VERBOSE=1 &quot;$file&quot;"/>
					<Clean command="/usr/bin/make -j4 -f &quot;/home/free/dev/Runecraft/Game/Makefile&quot;  VERBOSE=1 clean"/>
					<DistClean command="/usr/bin/make -j4 -f &quot;/home/free/dev/Runecraft/Game/Makefile&quot;  VERBOSE=1 clean"/>
				</MakeCommands>
			</Target>
			<Target title="Training/fast">
				<Option output="/home/free/dev/Runecraft/Game/bin/Training" prefix_auto="0" extension_auto="0"/>
				<Option working_dir="/home/free/dev/Runecraft/Game/bin"/>
				<Option object_output="./"/>
				<Option type="1"/>
				<Option compiler="gcc"/>
				<Compiler>
					<Add option="-DURHO3D_STATIC_DEFINE"/>
					<Add option="-DURHO3D_ANGELSCRIPT"/>
					<Add option="-DURHO3D_IK"/>
					<Add option="-DURHO3D_LOGGING"/>
					<Add option="-DURHO3D_LUA"/>
					<Add option="-DURHO3D_NAVIGATION"/>
					<Add option="-DURHO3D_NETWORK"/>
					<Add option="-DURHO3D_PHYSICS"/>
					<Add option="-DURHO3D_PROFILING"/>
					<Add option="-DURHO3D_THREADING"/>
					<Add option="-DURHO3D_URHO2D"/>
					<Add option="-DURHO3D_WEBP"/>
					<Add directory="/usr/local/include"/>
					<Add directory="/usr/local/include/Urho3D/ThirdParty"/>
					<Add directory="/usr/local/include/Urho3D/ThirdParty/Bullet"/>
					<Add directory="/usr/local/include/Urho3D/ThirdParty/Lua"/>
					<Add directory="/usr/include/c++/6"/>
					<Add directory="/usr/include/x86_64-linux-gnu/c++/6"/>
					<Add directory="/usr/include/c++/6/backward"/>
					<Add directory="/usr/lib/gcc/x86_64-linux-gnu/6/include"/>
					<Add directory="/usr/lib/gcc/x86_64-linux-gnu/6/include-fixed"/>
					<Add directory="/usr/include/x86_64-linux-gnu"/>
					<Add directory="/usr/include"/>
				</Compiler>
				<MakeCommands>
					<Build command="/usr/bin/make -j4 -f &quot;/home/free/dev/Runecraft/Game/Makefile&quot;  VERBOSE=1 Training/fast"/>
					<CompileFile command="/usr/bin/make -j4 -f &quot;/home/free/dev/Runecraft/Game/Makefile&quot;  VERBOSE=1 &quot;$file&quot;"/>
					<Clean command="/usr/bin/make -j4 -f &quot;/home/free/dev/Runecraft/Game/Makefile&quot;  VERBOSE=1 clean"/>
					<DistClean command="/usr/bin/make -j4 -f &quot;/home/free/dev/Runecraft/Game/Makefile&quot;  VERBOSE=1 clean"/>
				</MakeCommands>
			</Target>
			<Target title="Game">
				<Option output="/home/free/dev/Runecraft/Game/bin/Game" prefix_auto="0" extension_auto="0"/>
				<Option working_dir="/home/free/dev/Runecraft/Game/bin"/>
				<Option object_output="./"/>
				<Option type="1"/>
				<Option compiler="gcc"/>
				<Compiler>
					<Add option="-DURHO3D_STATIC_DEFINE"/>
					<Add option="-DURHO3D_ANGELSCRIPT"/>
					<Add option="-DURHO3D_IK"/>
					<Add option="-DURHO3D_LOGGING"/>
					<Add option="-DURHO3D_LUA"/>
					<Add option="-DURHO3D_NAVIGATION"/>
					<Add option="-DURHO3D_NETWORK"/>
					<Add option="-DURHO3D_PHYSICS"/>
					<Add option="-DURHO3D_PROFILING"/>
					<Add option="-DURHO3D_THREADING"/>
					<Add option="-DURHO3D_URHO2D"/>
					<Add option="-DURHO3D_WEBP"/>
					<Add directory="/usr/local/include"/>
					<Add directory="/usr/local/include/Urho3D/ThirdParty"/>
					<Add directory="/usr/local/include/Urho3D/ThirdParty/Bullet"/>
					<Add directory="/usr/local/include/Urho3D/ThirdParty/Lua"/>
					<Add directory="/usr/include/c++/6"/>
					<Add directory="/usr/include/x86_64-linux-gnu/c++/6"/>
					<Add directory="/usr/include/c++/6/backward"/>
					<Add directory="/usr/lib/gcc/x86_64-linux-gnu/6/include"/>
					<Add directory="/usr/lib/gcc/x86_64-linux-gnu/6/include-fixed"/>
					<Add directory="/usr/include/x86_64-linux-gnu"/>
					<Add directory="/usr/include"/>
				</Compiler>
				<MakeCommands>
					<Build command="/usr/bin/make -j4 -f &quot;/home/free/dev/Runecraft/Game/Makefile&quot;  VERBOSE=1 Game"/>
					<CompileFile command="/usr/bin/make -j4 -f &quot;/home/free/dev/Runecraft/Game/Makefile&quot;  VERBOSE=1 &quot;$file&quot;"/>
					<Clean command="/usr/bin/make -j4 -f &quot;/home/free/dev/Runecraft/Game/Makefile&quot;  VERBOSE=1 clean"/>
					<DistClean command="/usr/bin/make -j4 -f &quot;/home/free/dev/Runecraft/Game/Makefile&quot;  VERBOSE=1 clean"/>
				</MakeCommands>
			</Target>
			<Target title="Game/fast">
				<Option output="/home/free/dev/Runecraft/Game/bin/Game" prefix_auto="0" extension_auto="0"/>
				<Option working_dir="/home/free/dev/Runecraft/Game/bin"/>
				<Option object_output="./"/>
				<Option type="1"/>
				<Option compiler="gcc"/>
				<Compiler>
					<Add option="-DURHO3D_STATIC_DEFINE"/>
					<Add option="-DURHO3D_ANGELSCRIPT"/>
					<Add option="-DURHO3D_IK"/>
					<Add option="-DURHO3D_LOGGING"/>
					<Add option="-DURHO3D_LUA"/>
					<Add option="-DURHO3D_NAVIGATION"/>
					<Add option="-DURHO3D_NETWORK"/>
					<Add option="-DURHO3D_PHYSICS"/>
					<Add option="-DURHO3D_PROFILING"/>
					<Add option="-DURHO3D_THREADING"/>
					<Add option="-DURHO3D_URHO2D"/>
					<Add option="-DURHO3D_WEBP"/>
					<Add directory="/usr/local/include"/>
					<Add directory="/usr/local/include/Urho3D/ThirdParty"/>
					<Add directory="/usr/local/include/Urho3D/ThirdParty/Bullet"/>
					<Add directory="/usr/local/include/Urho3D/ThirdParty/Lua"/>
					<Add directory="/usr/include/c++/6"/>
					<Add directory="/usr/include/x86_64-linux-gnu/c++/6"/>
					<Add directory="/usr/include/c++/6/backward"/>
					<Add directory="/usr/lib/gcc/x86_64-linux-gnu/6/include"/>
					<Add directory="/usr/lib/gcc/x86_64-linux-gnu/6/include-fixed"/>
					<Add directory="/usr/include/x86_64-linux-gnu"/>
					<Add directory="/usr/include"/>
				</Compiler>
				<MakeCommands>
					<Build command="/usr/bin/make -j4 -f &quot;/home/free/dev/Runecraft/Game/Makefile&quot;  VERBOSE=1 Game/fast"/>
					<CompileFile command="/usr/bin/make -j4 -f &quot;/home/free/dev/Runecraft/Game/Makefile&quot;  VERBOSE=1 &quot;$file&quot;"/>
					<Clean command="/usr/bin/make -j4 -f &quot;/home/free/dev/Runecraft/Game/Makefile&quot;  VERBOSE=1 clean"/>
					<DistClean command="/usr/bin/make -j4 -f &quot;/home/free/dev/Runecraft/Game/Makefile&quot;  VERBOSE=1 clean"/>
				</MakeCommands>
			</Target>
		</Build>
		<Unit filename="/home/free/dev/Runecraft/Game/EasyBMP_1.06/EasyBMP.cpp">
			<Option target="Tests"/>
			<Option target="Training"/>
			<Option target="Game"/>
		</Unit>
		<Unit filename="/home/free/dev/Runecraft/Game/EasyBMP_1.06/EasyBMP.h">
			<Option target="Tests"/>
			<Option target="Training"/>
			<Option target="Game"/>
		</Unit>
		<Unit filename="/home/free/dev/Runecraft/Game/EasyBMP_1.06/EasyBMP_BMP.h">
			<Option target="Tests"/>
			<Option target="Training"/>
			<Option target="Game"/>
		</Unit>
		<Unit filename="/home/free/dev/Runecraft/Game/EasyBMP_1.06/EasyBMP_DataStructures.h">
			<Option target="Tests"/>
			<Option target="Training"/>
			<Option target="Game"/>
		</Unit>
		<Unit filename="/home/free/dev/Runecraft/Game/EasyBMP_1.06/EasyBMP_VariousBMPutilities.h">
			<Option target="Tests"/>
			<Option target="Training"/>
			<Option target="Game"/>
		</Unit>
		<Unit filename="/home/free/dev/Runecraft/Game/GameSource/CameraController.h">
			<Option target="Game"/>
		</Unit>
		<Unit filename="/home/free/dev/Runecraft/Game/GameSource/Caster.h">
			<Option target="Game"/>
		</Unit>
		<Unit filename="/home/free/dev/Runecraft/Game/GameSource/DrawableTexture.h">
			<Option target="Game"/>
		</Unit>
		<Unit filename="/home/free/dev/Runecraft/Game/GameSource/Entity.h">
			<Option target="Game"/>
		</Unit>
		<Unit filename="/home/free/dev/Runecraft/Game/GameSource/FireComponent.h">
			<Option target="Game"/>
		</Unit>
		<Unit filename="/home/free/dev/Runecraft/Game/GameSource/HitPointsComponent.h">
			<Option target="Game"/>
		</Unit>
		<Unit filename="/home/free/dev/Runecraft/Game/GameSource/InputController.h">
			<Option target="Game"/>
		</Unit>
		<Unit filename="/home/free/dev/Runecraft/Game/GameSource/Mutant.h">
			<Option target="Game"/>
		</Unit>
		<Unit filename="/home/free/dev/Runecraft/Game/GameSource/Ninja.h">
			<Option target="Game"/>
		</Unit>
		<Unit filename="/home/free/dev/Runecraft/Game/GameSource/Runecraft.cpp">
			<Option target="Game"/>
		</Unit>
		<Unit filename="/home/free/dev/Runecraft/Game/GameSource/Runecraft.h">
			<Option target="Game"/>
		</Unit>
		<Unit filename="/home/free/dev/Runecraft/Game/GameSource/ShieldComponent.h">
			<Option target="Game"/>
		</Unit>
		<Unit filename="/home/free/dev/Runecraft/Game/GameSource/SimpleAI.h">
			<Option target="Game"/>
		</Unit>
		<Unit filename="/home/free/dev/Runecraft/Game/GameSource/Spell.h">
			<Option target="Game"/>
		</Unit>
		<Unit filename="/home/free/dev/Runecraft/Game/GameSource/SpellSystem.h">
			<Option target="Game"/>
		</Unit>
		<Unit filename="/home/free/dev/Runecraft/Game/GameSource/TimeOutComponent.h">
			<Option target="Game"/>
		</Unit>
		<Unit filename="/home/free/dev/Runecraft/Game/GameSource/UrhoIncludeAll.h">
			<Option target="Game"/>
		</Unit>
		<Unit filename="/home/free/dev/Runecraft/Game/ImageAnalyzer/GrayScaleImage.h">
			<Option target="Tests"/>
			<Option target="Training"/>
			<Option target="Game"/>
		</Unit>
		<Unit filename="/home/free/dev/Runecraft/Game/ImageAnalyzer/ImageAnalyzer.cpp">
			<Option target="Tests"/>
			<Option target="Training"/>
			<Option target="Game"/>
		</Unit>
		<Unit filename="/home/free/dev/Runecraft/Game/ImageAnalyzer/ImageAnalyzer.h">
			<Option target="Tests"/>
			<Option target="Training"/>
			<Option target="Game"/>
		</Unit>
		<Unit filename="/home/free/dev/Runecraft/Game/ImageAnalyzer/LinAlgExtended.cpp">
			<Option target="Tests"/>
			<Option target="Training"/>
			<Option target="Game"/>
		</Unit>
		<Unit filename="/home/free/dev/Runecraft/Game/ImageAnalyzer/LinAlgExtended.h">
			<Option target="Tests"/>
			<Option target="Training"/>
			<Option target="Game"/>
		</Unit>
		<Unit filename="/home/free/dev/Runecraft/Game/ImageAnalyzer/LineDrawer.cpp">
			<Option target="Tests"/>
			<Option target="Training"/>
			<Option target="Game"/>
		</Unit>
		<Unit filename="/home/free/dev/Runecraft/Game/ImageAnalyzer/LineDrawer.h">
			<Option target="Tests"/>
			<Option target="Training"/>
			<Option target="Game"/>
		</Unit>
		<Unit filename="/home/free/dev/Runecraft/Game/ImageAnalyzer/NeuralNetwork.h">
			<Option target="Tests"/>
			<Option target="Training"/>
			<Option target="Game"/>
		</Unit>
		<Unit filename="/home/free/dev/Runecraft/Game/ImageAnalyzer/Params.h">
			<Option target="Tests"/>
			<Option target="Training"/>
			<Option target="Game"/>
		</Unit>
		<Unit filename="/home/free/dev/Runecraft/Game/ImageAnalyzer/Randomizer.h">
			<Option target="Tests"/>
			<Option target="Training"/>
			<Option target="Game"/>
		</Unit>
		<Unit filename="/home/free/dev/Runecraft/Game/ImageAnalyzer/ShapeDescriptors.cpp">
			<Option target="Tests"/>
			<Option target="Training"/>
			<Option target="Game"/>
		</Unit>
		<Unit filename="/home/free/dev/Runecraft/Game/ImageAnalyzer/ShapeDescriptors.h">
			<Option target="Tests"/>
			<Option target="Training"/>
			<Option target="Game"/>
		</Unit>
		<Unit filename="/home/free/dev/Runecraft/Game/LinAlg/linalg.h">
			<Option target="Game"/>
		</Unit>
		<Unit filename="/home/free/dev/Runecraft/Game/Tests/test.cpp">
			<Option target="Tests"/>
		</Unit>
		<Unit filename="/home/free/dev/Runecraft/Game/Training/Constants.h">
			<Option target="Training"/>
		</Unit>
		<Unit filename="/home/free/dev/Runecraft/Game/Training/Training.cpp">
			<Option target="Training"/>
		</Unit>
		<Unit filename="/home/free/dev/Runecraft/Game/Training/Training.h">
			<Option target="Training"/>
		</Unit>
		<Unit filename="/home/free/dev/Runecraft/Game/Training/main.cpp">
			<Option target="Training"/>
		</Unit>
		<Unit filename="/home/free/dev/Runecraft/Game/bin/CoreData">
			<Option target="Game"/>
		</Unit>
		<Unit filename="/home/free/dev/Runecraft/Game/bin/Data">
			<Option target="Game"/>
		</Unit>
		<Unit filename="/home/free/dev/Runecraft/Game/CMakeLists.txt">
			<Option virtualFolder="CMake Files\"/>
		</Unit>
		<Unit filename="/home/free/dev/Runecraft/Game/CMake/Modules/CheckCompilerToolchain.cmake">
			<Option virtualFolder="CMake Files\CMake\Modules\"/>
		</Unit>
		<Unit filename="/home/free/dev/Runecraft/Game/CMake/Modules/CheckHost.cmake">
			<Option virtualFolder="CMake Files\CMake\Modules\"/>
		</Unit>
		<Unit filename="/home/free/dev/Runecraft/Game/CMake/Modules/FindUrho3D.cmake">
			<Option virtualFolder="CMake Files\CMake\Modules\"/>
		</Unit>
		<Unit filename="/home/free/dev/Runecraft/Game/CMake/Modules/GenerateExportHeader.cmake">
			<Option virtualFolder="CMake Files\CMake\Modules\"/>
		</Unit>
		<Unit filename="/home/free/dev/Runecraft/Game/CMake/Modules/UrhoCommon.cmake">
			<Option virtualFolder="CMake Files\CMake\Modules\"/>
		</Unit>
	</Project>
</CodeBlocks_project_file>
